
Microsoft Visual Studio Solution File, Format Version 12.00
# Visual Studio Version 16
VisualStudioVersion = 16.0.29905.134
MinimumVisualStudioVersion = 10.0.40219.1
Project("{FAE04EC0-301F-11D3-BF4B-00C04F79EFBC}") = "MW-001用設定変更ソフトウェア", "MW-001用設定変更ソフトウェア\MW-001用設定変更ソフトウェア.csproj", "{A29F6912-4810-434D-9B88-F819681ABBE8}"
EndProject
Global
	GlobalSection(SolutionConfigurationPlatforms) = preSolution
		Debug|Any CPU = Debug|Any CPU
		Release|Any CPU = Release|Any CPU
	EndGlobalSection
	GlobalSection(ProjectConfigurationPlatforms) = postSolution
		{A29F6912-4810-434D-9B88-F819681ABBE8}.Debug|Any CPU.ActiveCfg = Debug|Any CPU
		{A29F6912-4810-434D-9B88-F819681ABBE8}.Debug|Any CPU.Build.0 = Debug|Any CPU
		{A29F6912-4810-434D-9B88-F819681ABBE8}.Release|Any CPU.ActiveCfg = Release|Any CPU
		{A29F6912-4810-434D-9B88-F819681ABBE8}.Release|Any CPU.Build.0 = Release|Any CPU
	EndGlobalSection
	GlobalSection(SolutionProperties) = preSolution
		HideSolutionNode = FALSE
	EndGlobalSection
	GlobalSection(ExtensibilityGlobals) = postSolution
		SolutionGuid = {511B1BCB-2218-4380-8A26-F181F4435D5D}
	EndGlobalSection
EndGlobal
